
Microsoft Visual Studio Solution File, Format Version 11.00
# Visual Studio 2010
Project("{F184B08F-C81C-45F6-A57F-5ABD9991F28F}") = "FishbowlAPI", "FishbowlAPI\FishbowlAPI.vbproj", "{422ADC9B-663E-4A26-A6DD-3534284F7D68}"
EndProject
Project("{FAE04EC0-301F-11D3-BF4B-00C04F79EFBC}") = "CommunicationsAPI", "CommunicationsAPI\CommunicationsAPI.csproj", "{AD961B64-FD16-4DFE-A105-57DE31742B82}"
EndProject
Project("{F184B08F-C81C-45F6-A57F-5ABD9991F28F}") = "FishbowlTest", "FishbowlTest\FishbowlTest.vbproj", "{C54A08BE-0AA8-462D-BC96-65A6CA9C2607}"
EndProject
Project("{F184B08F-C81C-45F6-A57F-5ABD9991F28F}") = "FishbowlService", "FishbowlService\FishbowlService.vbproj", "{7FDE2F5F-DC3E-498A-9DE6-27B29FFED5D3}"
EndProject
Global
	GlobalSection(SolutionConfigurationPlatforms) = preSolution
		Debug|Any CPU = Debug|Any CPU
		Debug|Mixed Platforms = Debug|Mixed Platforms
		Debug|x86 = Debug|x86
		Release|Any CPU = Release|Any CPU
		Release|Mixed Platforms = Release|Mixed Platforms
		Release|x86 = Release|x86
	EndGlobalSection
	GlobalSection(ProjectConfigurationPlatforms) = postSolution
		{422ADC9B-663E-4A26-A6DD-3534284F7D68}.Debug|Any CPU.ActiveCfg = Debug|Any CPU
		{422ADC9B-663E-4A26-A6DD-3534284F7D68}.Debug|Any CPU.Build.0 = Debug|Any CPU
		{422ADC9B-663E-4A26-A6DD-3534284F7D68}.Debug|Mixed Platforms.ActiveCfg = Debug|Any CPU
		{422ADC9B-663E-4A26-A6DD-3534284F7D68}.Debug|Mixed Platforms.Build.0 = Debug|Any CPU
		{422ADC9B-663E-4A26-A6DD-3534284F7D68}.Debug|x86.ActiveCfg = Debug|Any CPU
		{422ADC9B-663E-4A26-A6DD-3534284F7D68}.Release|Any CPU.ActiveCfg = Release|Any CPU
		{422ADC9B-663E-4A26-A6DD-3534284F7D68}.Release|Any CPU.Build.0 = Release|Any CPU
		{422ADC9B-663E-4A26-A6DD-3534284F7D68}.Release|Mixed Platforms.ActiveCfg = Release|Any CPU
		{422ADC9B-663E-4A26-A6DD-3534284F7D68}.Release|Mixed Platforms.Build.0 = Release|Any CPU
		{422ADC9B-663E-4A26-A6DD-3534284F7D68}.Release|x86.ActiveCfg = Release|Any CPU
		{AD961B64-FD16-4DFE-A105-57DE31742B82}.Debug|Any CPU.ActiveCfg = Debug|Any CPU
		{AD961B64-FD16-4DFE-A105-57DE31742B82}.Debug|Any CPU.Build.0 = Debug|Any CPU
		{AD961B64-FD16-4DFE-A105-57DE31742B82}.Debug|Mixed Platforms.ActiveCfg = Debug|Any CPU
		{AD961B64-FD16-4DFE-A105-57DE31742B82}.Debug|Mixed Platforms.Build.0 = Debug|Any CPU
		{AD961B64-FD16-4DFE-A105-57DE31742B82}.Debug|x86.ActiveCfg = Debug|Any CPU
		{AD961B64-FD16-4DFE-A105-57DE31742B82}.Release|Any CPU.ActiveCfg = Release|Any CPU
		{AD961B64-FD16-4DFE-A105-57DE31742B82}.Release|Any CPU.Build.0 = Release|Any CPU
		{AD961B64-FD16-4DFE-A105-57DE31742B82}.Release|Mixed Platforms.ActiveCfg = Release|Any CPU
		{AD961B64-FD16-4DFE-A105-57DE31742B82}.Release|Mixed Platforms.Build.0 = Release|Any CPU
		{AD961B64-FD16-4DFE-A105-57DE31742B82}.Release|x86.ActiveCfg = Release|Any CPU
		{C54A08BE-0AA8-462D-BC96-65A6CA9C2607}.Debug|Any CPU.ActiveCfg = Debug|x86
		{C54A08BE-0AA8-462D-BC96-65A6CA9C2607}.Debug|Mixed Platforms.ActiveCfg = Debug|x86
		{C54A08BE-0AA8-462D-BC96-65A6CA9C2607}.Debug|Mixed Platforms.Build.0 = Debug|x86
		{C54A08BE-0AA8-462D-BC96-65A6CA9C2607}.Debug|x86.ActiveCfg = Debug|x86
		{C54A08BE-0AA8-462D-BC96-65A6CA9C2607}.Debug|x86.Build.0 = Debug|x86
		{C54A08BE-0AA8-462D-BC96-65A6CA9C2607}.Release|Any CPU.ActiveCfg = Release|x86
		{C54A08BE-0AA8-462D-BC96-65A6CA9C2607}.Release|Mixed Platforms.ActiveCfg = Release|x86
		{C54A08BE-0AA8-462D-BC96-65A6CA9C2607}.Release|Mixed Platforms.Build.0 = Release|x86
		{C54A08BE-0AA8-462D-BC96-65A6CA9C2607}.Release|x86.ActiveCfg = Release|x86
		{C54A08BE-0AA8-462D-BC96-65A6CA9C2607}.Release|x86.Build.0 = Release|x86
		{7FDE2F5F-DC3E-498A-9DE6-27B29FFED5D3}.Debug|Any CPU.ActiveCfg = Debug|x86
		{7FDE2F5F-DC3E-498A-9DE6-27B29FFED5D3}.Debug|Mixed Platforms.ActiveCfg = Debug|x86
		{7FDE2F5F-DC3E-498A-9DE6-27B29FFED5D3}.Debug|Mixed Platforms.Build.0 = Debug|x86
		{7FDE2F5F-DC3E-498A-9DE6-27B29FFED5D3}.Debug|x86.ActiveCfg = Debug|x86
		{7FDE2F5F-DC3E-498A-9DE6-27B29FFED5D3}.Debug|x86.Build.0 = Debug|x86
		{7FDE2F5F-DC3E-498A-9DE6-27B29FFED5D3}.Release|Any CPU.ActiveCfg = Release|x86
		{7FDE2F5F-DC3E-498A-9DE6-27B29FFED5D3}.Release|Mixed Platforms.ActiveCfg = Release|x86
		{7FDE2F5F-DC3E-498A-9DE6-27B29FFED5D3}.Release|Mixed Platforms.Build.0 = Release|x86
		{7FDE2F5F-DC3E-498A-9DE6-27B29FFED5D3}.Release|x86.ActiveCfg = Release|x86
		{7FDE2F5F-DC3E-498A-9DE6-27B29FFED5D3}.Release|x86.Build.0 = Release|x86
	EndGlobalSection
	GlobalSection(SolutionProperties) = preSolution
		HideSolutionNode = FALSE
	EndGlobalSection
EndGlobal
